<?xml version="1.0" encoding="utf-8"?>
<Project ToolsVersion="4.0" xmlns="http://schemas.microsoft.com/developer/msbuild/2003">
  <ItemGroup>
    <ClCompile Include="pch.cpp" />
    <ClCompile Include="..\Numerical methods\src\Matrix.cpp">
      <Filter>Files to test</Filter>
    </ClCompile>
    <ClCompile Include="..\Numerical methods\src\Source.cpp">
      <Filter>Files to test</Filter>
    </ClCompile>
    <ClCompile Include="integrals.test.cpp">
      <Filter>Tests</Filter>
    </ClCompile>
    <ClCompile Include="matrices.test.cpp">
      <Filter>Tests</Filter>
    </ClCompile>
    <ClCompile Include="..\Numerical methods\src\LegendrePolynomial.cpp">
      <Filter>Files to test</Filter>
    </ClCompile>
  </ItemGroup>
  <ItemGroup>
    <ClInclude Include="pch.h" />
    <ClInclude Include="..\Numerical methods\src\Matrix.h">
      <Filter>Files to test</Filter>
    </ClInclude>
    <ClInclude Include="..\Numerical methods\src\Source.h">
      <Filter>Files to test</Filter>
    </ClInclude>
    <ClInclude Include="..\Numerical methods\src\LegendrePolynomial.h">
      <Filter>Files to test</Filter>
    </ClInclude>
  </ItemGroup>
  <ItemGroup>
    <Filter Include="Tests">
      <UniqueIdentifier>{0cdec7db-1e03-4313-868c-07eac66e33fe}</UniqueIdentifier>
    </Filter>
    <Filter Include="Files to test">
      <UniqueIdentifier>{167ea449-e7aa-47bf-9851-ec6ad511c6d2}</UniqueIdentifier>
    </Filter>
  </ItemGroup>
  <ItemGroup>
    <None Include="packages.config" />
  </ItemGroup>
</Project>